{
	"name": "package3",
	"version": "1.0.6",
	"lockfileVersion": 1,
	"requires": true,
	"dependencies": {
		"fp": {
			"version": "0.1.0",
			"resolved": "https://registry.npmjs.org/fp/-/fp-0.1.0.tgz",
			"integrity": "sha1-BN7Inku+OK6YVQ9WXAunmfmbVgg=",
			"requires": {
				"lodash": "~2.2.1"
			}
		},
		"lodash": {
			"version": "2.2.1",
			"resolved": "https://registry.npmjs.org/lodash/-/lodash-2.2.1.tgz",
			"integrity": "sha1-ypNf0UqzwMhyq6zxmLnNpQFECGc="
		},
		"moment": {
			"version": "2.29.3",
			"resolved": "https://registry.npmjs.org/moment/-/moment-2.29.3.tgz",
			"integrity": "sha512-c6YRvhEo//6T2Jz/vVtYzqBzwvPT95JBQ+smCytzf7c50oMZRsR/a4w88aD34I+/QVSfnoAnSBFPJHItlOMJVw=="
		}
	}
}
